{
  "version": 4,
  "terraform_version": "1.7.4",
  "serial": 3,
  "lineage": "2eed19a9-4413-3fd8-0239-96bcbced8702",
  "outputs": {},
  "resources": [
    {
      "mode": "managed",
      "type": "github_repository",
      "name": "terraform_practice",
      "provider": "provider[\"registry.terraform.io/integrations/github\"]",
      "instances": [
        {
          "schema_version": 1,
          "attributes": {
            "allow_auto_merge": false,
            "allow_merge_commit": false,
            "allow_rebase_merge": false,
            "allow_squash_merge": false,
            "allow_update_branch": false,
            "archive_on_destroy": null,
            "archived": false,
            "auto_init": null,
            "default_branch": "main",
            "delete_branch_on_merge": false,
            "description": "My tf codebase",
            "etag": "W/\"f24ad3fe56fc7440249bfd2f2c33952e8e1a57461cde8f733a13837377b01cff\"",
            "full_name": "rushikch/terraform_practice",
            "git_clone_url": "git://github.com/rushikch/terraform_practice.git",
            "gitignore_template": null,
            "has_discussions": false,
            "has_downloads": false,
            "has_issues": false,
            "has_projects": false,
            "has_wiki": false,
            "homepage_url": "",
            "html_url": "https://github.com/rushikch/terraform_practice",
            "http_clone_url": "https://github.com/rushikch/terraform_practice.git",
            "id": "terraform_practice",
            "ignore_vulnerability_alerts_during_read": null,
            "is_template": false,
            "license_template": null,
            "merge_commit_message": "",
            "merge_commit_title": "",
            "name": "terraform_practice",
            "node_id": "R_kgDOLa79hw",
            "pages": [],
            "primary_language": "",
            "private": false,
            "repo_id": 766442887,
            "security_and_analysis": [
              {
                "advanced_security": [],
                "secret_scanning": [
                  {
                    "status": "disabled"
                  }
                ],
                "secret_scanning_push_protection": [
                  {
                    "status": "disabled"
                  }
                ]
              }
            ],
            "squash_merge_commit_message": "",
            "squash_merge_commit_title": "",
            "ssh_clone_url": "git@github.com:rushikch/terraform_practice.git",
            "svn_url": "https://github.com/rushikch/terraform_practice",
            "template": [],
            "topics": [],
            "visibility": "public",
            "vulnerability_alerts": false,
            "web_commit_signoff_required": false
          },
          "sensitive_attributes": [],
          "private": "eyJzY2hlbWFfdmVyc2lvbiI6IjEifQ=="
        }
      ]
    }
  ],
  "check_results": null
}
