{
  "version": 4,
  "terraform_version": "1.7.4",
  "serial": 8,
  "lineage": "2eed19a9-4413-3fd8-0239-96bcbced8702",
  "outputs": {},
  "resources": [
    {
      "mode": "managed",
      "type": "github_branch",
      "name": "development",
      "provider": "provider[\"registry.terraform.io/integrations/github\"]",
      "instances": [
        {
          "schema_version": 0,
          "attributes": {
            "branch": "development",
            "etag": "W/\"800a90a0f0bbefc403be1469b7016b97aecb0d3d217c5e7e24e24be17218d56e\"",
            "id": "terraform_practice:development",
            "ref": "refs/heads/development",
            "repository": "terraform_practice",
            "sha": "9462e58c2917e8640593414d341031e90762dcc5",
            "source_branch": "main",
            "source_sha": "9462e58c2917e8640593414d341031e90762dcc5"
          },
          "sensitive_attributes": [],
          "private": "bnVsbA=="
        }
      ]
    },
    {
      "mode": "managed",
      "type": "github_repository",
      "name": "terraform_practice",
      "provider": "provider[\"registry.terraform.io/integrations/github\"]",
      "instances": [
        {
          "schema_version": 1,
          "attributes": {
            "allow_auto_merge": false,
            "allow_merge_commit": true,
            "allow_rebase_merge": true,
            "allow_squash_merge": true,
            "allow_update_branch": false,
            "archive_on_destroy": null,
            "archived": false,
            "auto_init": null,
            "default_branch": "main",
            "delete_branch_on_merge": false,
            "description": "My tf codebase",
            "etag": "W/\"e05802858468e3a0239aa593f44f7e7b14559caad1d8e0f4912edaba92b6d5f3\"",
            "full_name": "rushikch/terraform_practice",
            "git_clone_url": "git://github.com/rushikch/terraform_practice.git",
            "gitignore_template": null,
            "has_discussions": false,
            "has_downloads": false,
            "has_issues": false,
            "has_projects": false,
            "has_wiki": false,
            "homepage_url": "",
            "html_url": "https://github.com/rushikch/terraform_practice",
            "http_clone_url": "https://github.com/rushikch/terraform_practice.git",
            "id": "terraform_practice",
            "ignore_vulnerability_alerts_during_read": null,
            "is_template": false,
            "license_template": null,
            "merge_commit_message": "PR_TITLE",
            "merge_commit_title": "MERGE_MESSAGE",
            "name": "terraform_practice",
            "node_id": "R_kgDOLa79hw",
            "pages": [],
            "primary_language": "HCL",
            "private": false,
            "repo_id": 766442887,
            "security_and_analysis": [
              {
                "advanced_security": [],
                "secret_scanning": [
                  {
                    "status": "disabled"
                  }
                ],
                "secret_scanning_push_protection": [
                  {
                    "status": "disabled"
                  }
                ]
              }
            ],
            "squash_merge_commit_message": "COMMIT_MESSAGES",
            "squash_merge_commit_title": "COMMIT_OR_PR_TITLE",
            "ssh_clone_url": "git@github.com:rushikch/terraform_practice.git",
            "svn_url": "https://github.com/rushikch/terraform_practice",
            "template": [],
            "topics": [],
            "visibility": "public",
            "vulnerability_alerts": false,
            "web_commit_signoff_required": false
          },
          "sensitive_attributes": [],
          "private": "eyJzY2hlbWFfdmVyc2lvbiI6IjEifQ=="
        }
      ]
    }
  ],
  "check_results": null
}
